
Microsoft Visual Studio Solution File, Format Version 12.00
# Visual Studio Version 16
VisualStudioVersion = 16.0.28917.181
MinimumVisualStudioVersion = 10.0.40219.1
Project("{FAE04EC0-301F-11D3-BF4B-00C04F79EFBC}") = "CB_Choice", "CB_Choice\CB_Choice.csproj", "{870EAE20-E125-4EED-A12A-8BB04EC70200}"
EndProject
Global
	GlobalSection(SolutionConfigurationPlatforms) = preSolution
		Debug|Any CPU = Debug|Any CPU
		Release|Any CPU = Release|Any CPU
	EndGlobalSection
	GlobalSection(ProjectConfigurationPlatforms) = postSolution
		{870EAE20-E125-4EED-A12A-8BB04EC70200}.Debug|Any CPU.ActiveCfg = Debug|Any CPU
		{870EAE20-E125-4EED-A12A-8BB04EC70200}.Debug|Any CPU.Build.0 = Debug|Any CPU
		{870EAE20-E125-4EED-A12A-8BB04EC70200}.Release|Any CPU.ActiveCfg = Release|Any CPU
		{870EAE20-E125-4EED-A12A-8BB04EC70200}.Release|Any CPU.Build.0 = Release|Any CPU
	EndGlobalSection
	GlobalSection(SolutionProperties) = preSolution
		HideSolutionNode = FALSE
	EndGlobalSection
	GlobalSection(ExtensibilityGlobals) = postSolution
		SolutionGuid = {0E07D1B6-8E5C-4914-B93A-F5F7B5487798}
	EndGlobalSection
EndGlobal
